
Microsoft Visual Studio Solution File, Format Version 12.00
# Visual Studio Version 17
VisualStudioVersion = 17.0.0.0
MinimumVisualStudioVersion = 10.0.40219.1
Project("{2150E333-8FDC-42A3-9474-1A3956D46DE8}") = "src", "src", "{827E0CD3-B72D-47B6-A68D-7590B98EB39B}"
EndProject
Project("{2150E333-8FDC-42A3-9474-1A3956D46DE8}") = "Core", "Core", "{8D626EA8-CB54-BC41-363A-217881BEBA6E}"
EndProject
Project("{FAE04EC0-301F-11D3-BF4B-00C04F79EFBC}") = "ClaimsEngine.Domain", "src\Core\ClaimsEngine.Domain\ClaimsEngine.Domain.csproj", "{31067815-B6C2-436C-832F-1BF27621C03F}"
EndProject
Project("{FAE04EC0-301F-11D3-BF4B-00C04F79EFBC}") = "ClaimsEngine.Application", "src\Core\ClaimsEngine.Application\ClaimsEngine.Application.csproj", "{0CC6D24E-6D39-4CD6-B16D-CC11369C8087}"
EndProject
Project("{2150E333-8FDC-42A3-9474-1A3956D46DE8}") = "Infrastructure", "Infrastructure", "{9048EB7F-3875-A59E-E36B-5BD4C6F2A282}"
EndProject
Project("{FAE04EC0-301F-11D3-BF4B-00C04F79EFBC}") = "ClaimsEngine.Infra.Data", "src\Infrastructure\ClaimsEngine.Infra.Data\ClaimsEngine.Infra.Data.csproj", "{8DFE101B-C208-44AA-9BE7-C72E5A0EBF54}"
EndProject
Project("{FAE04EC0-301F-11D3-BF4B-00C04F79EFBC}") = "ClaimsEngine.Infra.Messaging", "src\Infrastructure\ClaimsEngine.Infra.Messaging\ClaimsEngine.Infra.Messaging.csproj", "{D92548AE-4198-4CD6-B069-93082D7F8023}"
EndProject
Project("{2150E333-8FDC-42A3-9474-1A3956D46DE8}") = "Hosts", "Hosts", "{C79C3622-AC92-5B3C-4F71-0BD0E7B3816F}"
EndProject
Project("{FAE04EC0-301F-11D3-BF4B-00C04F79EFBC}") = "ClaimsEngine.Ingestion.Api", "src\Hosts\ClaimsEngine.Ingestion.Api\ClaimsEngine.Ingestion.Api.csproj", "{36CF4E0A-3EE2-471F-8F6C-54495DD61D62}"
EndProject
Project("{FAE04EC0-301F-11D3-BF4B-00C04F79EFBC}") = "ClaimsEngine.Adjudication.Worker", "src\Hosts\ClaimsEngine.Adjudication.Worker\ClaimsEngine.Adjudication.Worker.csproj", "{7517D7CF-6D6B-458E-9707-B7E01221A08C}"
EndProject
Project("{FAE04EC0-301F-11D3-BF4B-00C04F79EFBC}") = "ClaimsEngine.Ledger.Worker", "src\Hosts\ClaimsEngine.Ledger.Worker\ClaimsEngine.Ledger.Worker.csproj", "{401FAF5A-ED20-4114-AA15-A191B78891D1}"
EndProject
Project("{2150E333-8FDC-42A3-9474-1A3956D46DE8}") = "tests", "tests", "{0AB3BF05-4346-4AA6-1389-037BE0695223}"
EndProject
Project("{FAE04EC0-301F-11D3-BF4B-00C04F79EFBC}") = "ClaimsEngine.Domain.UnitTests", "tests\ClaimsEngine.Domain.UnitTests\ClaimsEngine.Domain.UnitTests.csproj", "{3839F2DA-CF3B-49FB-9220-B3F53C7735AC}"
EndProject
Project("{FAE04EC0-301F-11D3-BF4B-00C04F79EFBC}") = "ClaimsEngine.Application.UnitTests", "tests\ClaimsEngine.Application.UnitTests\ClaimsEngine.Application.UnitTests.csproj", "{BFA778F3-A4A4-4E40-90D0-3A9327CA3AF8}"
EndProject
Project("{FAE04EC0-301F-11D3-BF4B-00C04F79EFBC}") = "ClaimsEngine.IntegrationTests", "tests\ClaimsEngine.IntegrationTests\ClaimsEngine.IntegrationTests.csproj", "{F169A928-B920-4137-B41C-C10454CF3BF6}"
EndProject
Project("{FAE04EC0-301F-11D3-BF4B-00C04F79EFBC}") = "ClaimsEngine.LoadTests", "tests\ClaimsEngine.LoadTests\ClaimsEngine.LoadTests.csproj", "{DC317B59-3F61-40F7-9C7E-36734F42FADD}"
EndProject
Global
	GlobalSection(SolutionConfigurationPlatforms) = preSolution
		Debug|Any CPU = Debug|Any CPU
		Debug|x64 = Debug|x64
		Debug|x86 = Debug|x86
		Release|Any CPU = Release|Any CPU
		Release|x64 = Release|x64
		Release|x86 = Release|x86
	EndGlobalSection
	GlobalSection(ProjectConfigurationPlatforms) = postSolution
		{31067815-B6C2-436C-832F-1BF27621C03F}.Debug|Any CPU.ActiveCfg = Debug|Any CPU
		{31067815-B6C2-436C-832F-1BF27621C03F}.Debug|Any CPU.Build.0 = Debug|Any CPU
		{31067815-B6C2-436C-832F-1BF27621C03F}.Debug|x64.ActiveCfg = Debug|Any CPU
		{31067815-B6C2-436C-832F-1BF27621C03F}.Debug|x64.Build.0 = Debug|Any CPU
		{31067815-B6C2-436C-832F-1BF27621C03F}.Debug|x86.ActiveCfg = Debug|Any CPU
		{31067815-B6C2-436C-832F-1BF27621C03F}.Debug|x86.Build.0 = Debug|Any CPU
		{31067815-B6C2-436C-832F-1BF27621C03F}.Release|Any CPU.ActiveCfg = Release|Any CPU
		{31067815-B6C2-436C-832F-1BF27621C03F}.Release|Any CPU.Build.0 = Release|Any CPU
		{31067815-B6C2-436C-832F-1BF27621C03F}.Release|x64.ActiveCfg = Release|Any CPU
		{31067815-B6C2-436C-832F-1BF27621C03F}.Release|x64.Build.0 = Release|Any CPU
		{31067815-B6C2-436C-832F-1BF27621C03F}.Release|x86.ActiveCfg = Release|Any CPU
		{31067815-B6C2-436C-832F-1BF27621C03F}.Release|x86.Build.0 = Release|Any CPU
		{0CC6D24E-6D39-4CD6-B16D-CC11369C8087}.Debug|Any CPU.ActiveCfg = Debug|Any CPU
		{0CC6D24E-6D39-4CD6-B16D-CC11369C8087}.Debug|Any CPU.Build.0 = Debug|Any CPU
		{0CC6D24E-6D39-4CD6-B16D-CC11369C8087}.Debug|x64.ActiveCfg = Debug|Any CPU
		{0CC6D24E-6D39-4CD6-B16D-CC11369C8087}.Debug|x64.Build.0 = Debug|Any CPU
		{0CC6D24E-6D39-4CD6-B16D-CC11369C8087}.Debug|x86.ActiveCfg = Debug|Any CPU
		{0CC6D24E-6D39-4CD6-B16D-CC11369C8087}.Debug|x86.Build.0 = Debug|Any CPU
		{0CC6D24E-6D39-4CD6-B16D-CC11369C8087}.Release|Any CPU.ActiveCfg = Release|Any CPU
		{0CC6D24E-6D39-4CD6-B16D-CC11369C8087}.Release|Any CPU.Build.0 = Release|Any CPU
		{0CC6D24E-6D39-4CD6-B16D-CC11369C8087}.Release|x64.ActiveCfg = Release|Any CPU
		{0CC6D24E-6D39-4CD6-B16D-CC11369C8087}.Release|x64.Build.0 = Release|Any CPU
		{0CC6D24E-6D39-4CD6-B16D-CC11369C8087}.Release|x86.ActiveCfg = Release|Any CPU
		{0CC6D24E-6D39-4CD6-B16D-CC11369C8087}.Release|x86.Build.0 = Release|Any CPU
		{8DFE101B-C208-44AA-9BE7-C72E5A0EBF54}.Debug|Any CPU.ActiveCfg = Debug|Any CPU
		{8DFE101B-C208-44AA-9BE7-C72E5A0EBF54}.Debug|Any CPU.Build.0 = Debug|Any CPU
		{8DFE101B-C208-44AA-9BE7-C72E5A0EBF54}.Debug|x64.ActiveCfg = Debug|Any CPU
		{8DFE101B-C208-44AA-9BE7-C72E5A0EBF54}.Debug|x64.Build.0 = Debug|Any CPU
		{8DFE101B-C208-44AA-9BE7-C72E5A0EBF54}.Debug|x86.ActiveCfg = Debug|Any CPU
		{8DFE101B-C208-44AA-9BE7-C72E5A0EBF54}.Debug|x86.Build.0 = Debug|Any CPU
		{8DFE101B-C208-44AA-9BE7-C72E5A0EBF54}.Release|Any CPU.ActiveCfg = Release|Any CPU
		{8DFE101B-C208-44AA-9BE7-C72E5A0EBF54}.Release|Any CPU.Build.0 = Release|Any CPU
		{8DFE101B-C208-44AA-9BE7-C72E5A0EBF54}.Release|x64.ActiveCfg = Release|Any CPU
		{8DFE101B-C208-44AA-9BE7-C72E5A0EBF54}.Release|x64.Build.0 = Release|Any CPU
		{8DFE101B-C208-44AA-9BE7-C72E5A0EBF54}.Release|x86.ActiveCfg = Release|Any CPU
		{8DFE101B-C208-44AA-9BE7-C72E5A0EBF54}.Release|x86.Build.0 = Release|Any CPU
		{D92548AE-4198-4CD6-B069-93082D7F8023}.Debug|Any CPU.ActiveCfg = Debug|Any CPU
		{D92548AE-4198-4CD6-B069-93082D7F8023}.Debug|Any CPU.Build.0 = Debug|Any CPU
		{D92548AE-4198-4CD6-B069-93082D7F8023}.Debug|x64.ActiveCfg = Debug|Any CPU
		{D92548AE-4198-4CD6-B069-93082D7F8023}.Debug|x64.Build.0 = Debug|Any CPU
		{D92548AE-4198-4CD6-B069-93082D7F8023}.Debug|x86.ActiveCfg = Debug|Any CPU
		{D92548AE-4198-4CD6-B069-93082D7F8023}.Debug|x86.Build.0 = Debug|Any CPU
		{D92548AE-4198-4CD6-B069-93082D7F8023}.Release|Any CPU.ActiveCfg = Release|Any CPU
		{D92548AE-4198-4CD6-B069-93082D7F8023}.Release|Any CPU.Build.0 = Release|Any CPU
		{D92548AE-4198-4CD6-B069-93082D7F8023}.Release|x64.ActiveCfg = Release|Any CPU
		{D92548AE-4198-4CD6-B069-93082D7F8023}.Release|x64.Build.0 = Release|Any CPU
		{D92548AE-4198-4CD6-B069-93082D7F8023}.Release|x86.ActiveCfg = Release|Any CPU
		{D92548AE-4198-4CD6-B069-93082D7F8023}.Release|x86.Build.0 = Release|Any CPU
		{36CF4E0A-3EE2-471F-8F6C-54495DD61D62}.Debug|Any CPU.ActiveCfg = Debug|Any CPU
		{36CF4E0A-3EE2-471F-8F6C-54495DD61D62}.Debug|Any CPU.Build.0 = Debug|Any CPU
		{36CF4E0A-3EE2-471F-8F6C-54495DD61D62}.Debug|x64.ActiveCfg = Debug|Any CPU
		{36CF4E0A-3EE2-471F-8F6C-54495DD61D62}.Debug|x64.Build.0 = Debug|Any CPU
		{36CF4E0A-3EE2-471F-8F6C-54495DD61D62}.Debug|x86.ActiveCfg = Debug|Any CPU
		{36CF4E0A-3EE2-471F-8F6C-54495DD61D62}.Debug|x86.Build.0 = Debug|Any CPU
		{36CF4E0A-3EE2-471F-8F6C-54495DD61D62}.Release|Any CPU.ActiveCfg = Release|Any CPU
		{36CF4E0A-3EE2-471F-8F6C-54495DD61D62}.Release|Any CPU.Build.0 = Release|Any CPU
		{36CF4E0A-3EE2-471F-8F6C-54495DD61D62}.Release|x64.ActiveCfg = Release|Any CPU
		{36CF4E0A-3EE2-471F-8F6C-54495DD61D62}.Release|x64.Build.0 = Release|Any CPU
		{36CF4E0A-3EE2-471F-8F6C-54495DD61D62}.Release|x86.ActiveCfg = Release|Any CPU
		{36CF4E0A-3EE2-471F-8F6C-54495DD61D62}.Release|x86.Build.0 = Release|Any CPU
		{7517D7CF-6D6B-458E-9707-B7E01221A08C}.Debug|Any CPU.ActiveCfg = Debug|Any CPU
		{7517D7CF-6D6B-458E-9707-B7E01221A08C}.Debug|Any CPU.Build.0 = Debug|Any CPU
		{7517D7CF-6D6B-458E-9707-B7E01221A08C}.Debug|x64.ActiveCfg = Debug|Any CPU
		{7517D7CF-6D6B-458E-9707-B7E01221A08C}.Debug|x64.Build.0 = Debug|Any CPU
		{7517D7CF-6D6B-458E-9707-B7E01221A08C}.Debug|x86.ActiveCfg = Debug|Any CPU
		{7517D7CF-6D6B-458E-9707-B7E01221A08C}.Debug|x86.Build.0 = Debug|Any CPU
		{7517D7CF-6D6B-458E-9707-B7E01221A08C}.Release|Any CPU.ActiveCfg = Release|Any CPU
		{7517D7CF-6D6B-458E-9707-B7E01221A08C}.Release|Any CPU.Build.0 = Release|Any CPU
		{7517D7CF-6D6B-458E-9707-B7E01221A08C}.Release|x64.ActiveCfg = Release|Any CPU
		{7517D7CF-6D6B-458E-9707-B7E01221A08C}.Release|x64.Build.0 = Release|Any CPU
		{7517D7CF-6D6B-458E-9707-B7E01221A08C}.Release|x86.ActiveCfg = Release|Any CPU
		{7517D7CF-6D6B-458E-9707-B7E01221A08C}.Release|x86.Build.0 = Release|Any CPU
		{401FAF5A-ED20-4114-AA15-A191B78891D1}.Debug|Any CPU.ActiveCfg = Debug|Any CPU
		{401FAF5A-ED20-4114-AA15-A191B78891D1}.Debug|Any CPU.Build.0 = Debug|Any CPU
		{401FAF5A-ED20-4114-AA15-A191B78891D1}.Debug|x64.ActiveCfg = Debug|Any CPU
		{401FAF5A-ED20-4114-AA15-A191B78891D1}.Debug|x64.Build.0 = Debug|Any CPU
		{401FAF5A-ED20-4114-AA15-A191B78891D1}.Debug|x86.ActiveCfg = Debug|Any CPU
		{401FAF5A-ED20-4114-AA15-A191B78891D1}.Debug|x86.Build.0 = Debug|Any CPU
		{401FAF5A-ED20-4114-AA15-A191B78891D1}.Release|Any CPU.ActiveCfg = Release|Any CPU
		{401FAF5A-ED20-4114-AA15-A191B78891D1}.Release|Any CPU.Build.0 = Release|Any CPU
		{401FAF5A-ED20-4114-AA15-A191B78891D1}.Release|x64.ActiveCfg = Release|Any CPU
		{401FAF5A-ED20-4114-AA15-A191B78891D1}.Release|x64.Build.0 = Release|Any CPU
		{401FAF5A-ED20-4114-AA15-A191B78891D1}.Release|x86.ActiveCfg = Release|Any CPU
		{401FAF5A-ED20-4114-AA15-A191B78891D1}.Release|x86.Build.0 = Release|Any CPU
		{3839F2DA-CF3B-49FB-9220-B3F53C7735AC}.Debug|Any CPU.ActiveCfg = Debug|Any CPU
		{3839F2DA-CF3B-49FB-9220-B3F53C7735AC}.Debug|Any CPU.Build.0 = Debug|Any CPU
		{3839F2DA-CF3B-49FB-9220-B3F53C7735AC}.Debug|x64.ActiveCfg = Debug|Any CPU
		{3839F2DA-CF3B-49FB-9220-B3F53C7735AC}.Debug|x64.Build.0 = Debug|Any CPU
		{3839F2DA-CF3B-49FB-9220-B3F53C7735AC}.Debug|x86.ActiveCfg = Debug|Any CPU
		{3839F2DA-CF3B-49FB-9220-B3F53C7735AC}.Debug|x86.Build.0 = Debug|Any CPU
		{3839F2DA-CF3B-49FB-9220-B3F53C7735AC}.Release|Any CPU.ActiveCfg = Release|Any CPU
		{3839F2DA-CF3B-49FB-9220-B3F53C7735AC}.Release|Any CPU.Build.0 = Release|Any CPU
		{3839F2DA-CF3B-49FB-9220-B3F53C7735AC}.Release|x64.ActiveCfg = Release|Any CPU
		{3839F2DA-CF3B-49FB-9220-B3F53C7735AC}.Release|x64.Build.0 = Release|Any CPU
		{3839F2DA-CF3B-49FB-9220-B3F53C7735AC}.Release|x86.ActiveCfg = Release|Any CPU
		{3839F2DA-CF3B-49FB-9220-B3F53C7735AC}.Release|x86.Build.0 = Release|Any CPU
		{BFA778F3-A4A4-4E40-90D0-3A9327CA3AF8}.Debug|Any CPU.ActiveCfg = Debug|Any CPU
		{BFA778F3-A4A4-4E40-90D0-3A9327CA3AF8}.Debug|Any CPU.Build.0 = Debug|Any CPU
		{BFA778F3-A4A4-4E40-90D0-3A9327CA3AF8}.Debug|x64.ActiveCfg = Debug|Any CPU
		{BFA778F3-A4A4-4E40-90D0-3A9327CA3AF8}.Debug|x64.Build.0 = Debug|Any CPU
		{BFA778F3-A4A4-4E40-90D0-3A9327CA3AF8}.Debug|x86.ActiveCfg = Debug|Any CPU
		{BFA778F3-A4A4-4E40-90D0-3A9327CA3AF8}.Debug|x86.Build.0 = Debug|Any CPU
		{BFA778F3-A4A4-4E40-90D0-3A9327CA3AF8}.Release|Any CPU.ActiveCfg = Release|Any CPU
		{BFA778F3-A4A4-4E40-90D0-3A9327CA3AF8}.Release|Any CPU.Build.0 = Release|Any CPU
		{BFA778F3-A4A4-4E40-90D0-3A9327CA3AF8}.Release|x64.ActiveCfg = Release|Any CPU
		{BFA778F3-A4A4-4E40-90D0-3A9327CA3AF8}.Release|x64.Build.0 = Release|Any CPU
		{BFA778F3-A4A4-4E40-90D0-3A9327CA3AF8}.Release|x86.ActiveCfg = Release|Any CPU
		{BFA778F3-A4A4-4E40-90D0-3A9327CA3AF8}.Release|x86.Build.0 = Release|Any CPU
		{F169A928-B920-4137-B41C-C10454CF3BF6}.Debug|Any CPU.ActiveCfg = Debug|Any CPU
		{F169A928-B920-4137-B41C-C10454CF3BF6}.Debug|Any CPU.Build.0 = Debug|Any CPU
		{F169A928-B920-4137-B41C-C10454CF3BF6}.Debug|x64.ActiveCfg = Debug|Any CPU
		{F169A928-B920-4137-B41C-C10454CF3BF6}.Debug|x64.Build.0 = Debug|Any CPU
		{F169A928-B920-4137-B41C-C10454CF3BF6}.Debug|x86.ActiveCfg = Debug|Any CPU
		{F169A928-B920-4137-B41C-C10454CF3BF6}.Debug|x86.Build.0 = Debug|Any CPU
		{F169A928-B920-4137-B41C-C10454CF3BF6}.Release|Any CPU.ActiveCfg = Release|Any CPU
		{F169A928-B920-4137-B41C-C10454CF3BF6}.Release|Any CPU.Build.0 = Release|Any CPU
		{F169A928-B920-4137-B41C-C10454CF3BF6}.Release|x64.ActiveCfg = Release|Any CPU
		{F169A928-B920-4137-B41C-C10454CF3BF6}.Release|x64.Build.0 = Release|Any CPU
		{F169A928-B920-4137-B41C-C10454CF3BF6}.Release|x86.ActiveCfg = Release|Any CPU
		{F169A928-B920-4137-B41C-C10454CF3BF6}.Release|x86.Build.0 = Release|Any CPU
		{DC317B59-3F61-40F7-9C7E-36734F42FADD}.Debug|Any CPU.ActiveCfg = Debug|Any CPU
		{DC317B59-3F61-40F7-9C7E-36734F42FADD}.Debug|Any CPU.Build.0 = Debug|Any CPU
		{DC317B59-3F61-40F7-9C7E-36734F42FADD}.Debug|x64.ActiveCfg = Debug|Any CPU
		{DC317B59-3F61-40F7-9C7E-36734F42FADD}.Debug|x64.Build.0 = Debug|Any CPU
		{DC317B59-3F61-40F7-9C7E-36734F42FADD}.Debug|x86.ActiveCfg = Debug|Any CPU
		{DC317B59-3F61-40F7-9C7E-36734F42FADD}.Debug|x86.Build.0 = Debug|Any CPU
		{DC317B59-3F61-40F7-9C7E-36734F42FADD}.Release|Any CPU.ActiveCfg = Release|Any CPU
		{DC317B59-3F61-40F7-9C7E-36734F42FADD}.Release|Any CPU.Build.0 = Release|Any CPU
		{DC317B59-3F61-40F7-9C7E-36734F42FADD}.Release|x64.ActiveCfg = Release|Any CPU
		{DC317B59-3F61-40F7-9C7E-36734F42FADD}.Release|x64.Build.0 = Release|Any CPU
		{DC317B59-3F61-40F7-9C7E-36734F42FADD}.Release|x86.ActiveCfg = Release|Any CPU
		{DC317B59-3F61-40F7-9C7E-36734F42FADD}.Release|x86.Build.0 = Release|Any CPU
	EndGlobalSection
	GlobalSection(SolutionProperties) = preSolution
		HideSolutionNode = FALSE
	EndGlobalSection
	GlobalSection(NestedProjects) = preSolution
		{8D626EA8-CB54-BC41-363A-217881BEBA6E} = {827E0CD3-B72D-47B6-A68D-7590B98EB39B}
		{31067815-B6C2-436C-832F-1BF27621C03F} = {8D626EA8-CB54-BC41-363A-217881BEBA6E}
		{0CC6D24E-6D39-4CD6-B16D-CC11369C8087} = {8D626EA8-CB54-BC41-363A-217881BEBA6E}
		{9048EB7F-3875-A59E-E36B-5BD4C6F2A282} = {827E0CD3-B72D-47B6-A68D-7590B98EB39B}
		{8DFE101B-C208-44AA-9BE7-C72E5A0EBF54} = {9048EB7F-3875-A59E-E36B-5BD4C6F2A282}
		{D92548AE-4198-4CD6-B069-93082D7F8023} = {9048EB7F-3875-A59E-E36B-5BD4C6F2A282}
		{C79C3622-AC92-5B3C-4F71-0BD0E7B3816F} = {827E0CD3-B72D-47B6-A68D-7590B98EB39B}
		{36CF4E0A-3EE2-471F-8F6C-54495DD61D62} = {C79C3622-AC92-5B3C-4F71-0BD0E7B3816F}
		{7517D7CF-6D6B-458E-9707-B7E01221A08C} = {C79C3622-AC92-5B3C-4F71-0BD0E7B3816F}
		{401FAF5A-ED20-4114-AA15-A191B78891D1} = {C79C3622-AC92-5B3C-4F71-0BD0E7B3816F}
		{3839F2DA-CF3B-49FB-9220-B3F53C7735AC} = {0AB3BF05-4346-4AA6-1389-037BE0695223}
		{BFA778F3-A4A4-4E40-90D0-3A9327CA3AF8} = {0AB3BF05-4346-4AA6-1389-037BE0695223}
		{F169A928-B920-4137-B41C-C10454CF3BF6} = {0AB3BF05-4346-4AA6-1389-037BE0695223}
		{DC317B59-3F61-40F7-9C7E-36734F42FADD} = {0AB3BF05-4346-4AA6-1389-037BE0695223}
	EndGlobalSection
EndGlobal
